Microsoft Visual Studio Solution File, Format Version 11.00
# Visual Studio 2008

Project("{AFAADBDF-935B-375B-87E4-ED0C87A585C9}") = "starryVR", "Assembly-CSharp-firstpass.csproj", "{8D7BCB90-045D-538C-5349-4F552FF55C83}"
EndProject
Project("{AFAADBDF-935B-375B-87E4-ED0C87A585C9}") = "starryVR", "Assembly-CSharp.csproj", "{82BECDE4-EEB7-F7B5-632C-39CA74BE98F7}"
EndProject
Project("{AFAADBDF-935B-375B-87E4-ED0C87A585C9}") = "starryVR", "Assembly-CSharp-Editor.csproj", "{7BB2ED41-B85C-F45B-C68F-D1A4AB99C33D}"
EndProject
Project("{AFAADBDF-935B-375B-87E4-ED0C87A585C9}") = "starryVR", "Assembly-UnityScript-firstpass.unityproj", "{730FCAE8-977E-7F03-50B7-6928E5E2CCF0}"
EndProject
Project("{AFAADBDF-935B-375B-87E4-ED0C87A585C9}") = "starryVR", "Assembly-UnityScript.unityproj", "{4C89CE4F-E89D-8D8E-A363-8FA83C45A753}"
EndProject
Global
	GlobalSection(SolutionConfigurationPlatforms) = preSolution
		Debug|Any CPU = Debug|Any CPU
		Release|Any CPU = Release|Any CPU
	EndGlobalSection
	GlobalSection(ProjectConfigurationPlatforms) = postSolution
		{8D7BCB90-045D-538C-5349-4F552FF55C83}.Debug|Any CPU.ActiveCfg = Debug|Any CPU
		{8D7BCB90-045D-538C-5349-4F552FF55C83}.Debug|Any CPU.Build.0 = Debug|Any CPU
		{8D7BCB90-045D-538C-5349-4F552FF55C83}.Release|Any CPU.ActiveCfg = Release|Any CPU
		{8D7BCB90-045D-538C-5349-4F552FF55C83}.Release|Any CPU.Build.0 = Release|Any CPU
		{82BECDE4-EEB7-F7B5-632C-39CA74BE98F7}.Debug|Any CPU.ActiveCfg = Debug|Any CPU
		{82BECDE4-EEB7-F7B5-632C-39CA74BE98F7}.Debug|Any CPU.Build.0 = Debug|Any CPU
		{82BECDE4-EEB7-F7B5-632C-39CA74BE98F7}.Release|Any CPU.ActiveCfg = Release|Any CPU
		{82BECDE4-EEB7-F7B5-632C-39CA74BE98F7}.Release|Any CPU.Build.0 = Release|Any CPU
		{7BB2ED41-B85C-F45B-C68F-D1A4AB99C33D}.Debug|Any CPU.ActiveCfg = Debug|Any CPU
		{7BB2ED41-B85C-F45B-C68F-D1A4AB99C33D}.Debug|Any CPU.Build.0 = Debug|Any CPU
		{7BB2ED41-B85C-F45B-C68F-D1A4AB99C33D}.Release|Any CPU.ActiveCfg = Release|Any CPU
		{7BB2ED41-B85C-F45B-C68F-D1A4AB99C33D}.Release|Any CPU.Build.0 = Release|Any CPU
		{730FCAE8-977E-7F03-50B7-6928E5E2CCF0}.Debug|Any CPU.ActiveCfg = Debug|Any CPU
		{730FCAE8-977E-7F03-50B7-6928E5E2CCF0}.Debug|Any CPU.Build.0 = Debug|Any CPU
		{730FCAE8-977E-7F03-50B7-6928E5E2CCF0}.Release|Any CPU.ActiveCfg = Release|Any CPU
		{730FCAE8-977E-7F03-50B7-6928E5E2CCF0}.Release|Any CPU.Build.0 = Release|Any CPU
		{4C89CE4F-E89D-8D8E-A363-8FA83C45A753}.Debug|Any CPU.ActiveCfg = Debug|Any CPU
		{4C89CE4F-E89D-8D8E-A363-8FA83C45A753}.Debug|Any CPU.Build.0 = Debug|Any CPU
		{4C89CE4F-E89D-8D8E-A363-8FA83C45A753}.Release|Any CPU.ActiveCfg = Release|Any CPU
		{4C89CE4F-E89D-8D8E-A363-8FA83C45A753}.Release|Any CPU.Build.0 = Release|Any CPU
	EndGlobalSection
	GlobalSection(SolutionProperties) = preSolution
		HideSolutionNode = FALSE
	EndGlobalSection
		GlobalSection(MonoDevelopProperties) = preSolution
		StartupItem = Assembly-CSharp.csproj
		Policies = $0
		$0.TextStylePolicy = $1
		$1.inheritsSet = null
		$1.scope = text/x-csharp
		$0.CSharpFormattingPolicy = $2
		$2.inheritsSet = Mono
		$2.inheritsScope = text/x-csharp
		$2.scope = text/x-csharp
		$0.TextStylePolicy = $3
		$3.FileWidth = 120
		$3.TabWidth = 4
		$3.EolMarker = Unix
		$3.inheritsSet = Mono
		$3.inheritsScope = text/plain
		$3.scope = text/plain
	EndGlobalSection

EndGlobal
